// !$*UTF8*$!
{
	archiveVersion = 1;
	classes = {
	};
	objectVersion = 50;
	objects = {

/* Begin PBXBuildFile section */
		4231CEB5249389FF00864439 /* AppDelegate.swift in Sources */ = {isa = PBXBuildFile; fileRef = 4231CEB4249389FF00864439 /* AppDelegate.swift */; };
		4231CEB7249389FF00864439 /* SceneDelegate.swift in Sources */ = {isa = PBXBuildFile; fileRef = 4231CEB6249389FF00864439 /* SceneDelegate.swift */; };
		4231CEB9249389FF00864439 /* EmojiMemoryGameView.swift in Sources */ = {isa = PBXBuildFile; fileRef = 4231CEB8249389FF00864439 /* EmojiMemoryGameView.swift */; };
		4231CEBB24938A0400864439 /* Assets.xcassets in Resources */ = {isa = PBXBuildFile; fileRef = 4231CEBA24938A0400864439 /* Assets.xcassets */; };
		4231CEBE24938A0400864439 /* Preview Assets.xcassets in Resources */ = {isa = PBXBuildFile; fileRef = 4231CEBD24938A0400864439 /* Preview Assets.xcassets */; };
		4231CEC124938A0400864439 /* LaunchScreen.storyboard in Resources */ = {isa = PBXBuildFile; fileRef = 4231CEBF24938A0400864439 /* LaunchScreen.storyboard */; };
		4231CECC24938A0400864439 /* MemorizeTests.swift in Sources */ = {isa = PBXBuildFile; fileRef = 4231CECB24938A0400864439 /* MemorizeTests.swift */; };
		4231CED724938A0400864439 /* MemorizeUITests.swift in Sources */ = {isa = PBXBuildFile; fileRef = 4231CED624938A0400864439 /* MemorizeUITests.swift */; };
		4231CEE524939EF700864439 /* MemoryGame.swift in Sources */ = {isa = PBXBuildFile; fileRef = 4231CEE424939EF700864439 /* MemoryGame.swift */; };
		4231CEE72493A22300864439 /* EmojiMemoryGame.swift in Sources */ = {isa = PBXBuildFile; fileRef = 4231CEE62493A22300864439 /* EmojiMemoryGame.swift */; };
/* End PBXBuildFile section */

/* Begin PBXContainerItemProxy section */
		4231CEC824938A0400864439 /* PBXContainerItemProxy */ = {
			isa = PBXContainerItemProxy;
			containerPortal = 4231CEA9249389FF00864439 /* Project object */;
			proxyType = 1;
			remoteGlobalIDString = 4231CEB0249389FF00864439;
			remoteInfo = Memorize;
		};
		4231CED324938A0400864439 /* PBXContainerItemProxy */ = {
			isa = PBXContainerItemProxy;
			containerPortal = 4231CEA9249389FF00864439 /* Project object */;
			proxyType = 1;
			remoteGlobalIDString = 4231CEB0249389FF00864439;
			remoteInfo = Memorize;
		};
/* End PBXContainerItemProxy section */

/* Begin PBXFileReference section */
		4231CEB1249389FF00864439 /* Memorize.app */ = {isa = PBXFileReference; explicitFileType = wrapper.application; includeInIndex = 0; path = Memorize.app; sourceTree = BUILT_PRODUCTS_DIR; };
		4231CEB4249389FF00864439 /* AppDelegate.swift */ = {isa = PBXFileReference; lastKnownFileType = sourcecode.swift; path = AppDelegate.swift; sourceTree = "<group>"; };
		4231CEB6249389FF00864439 /* SceneDelegate.swift */ = {isa = PBXFileReference; lastKnownFileType = sourcecode.swift; path = SceneDelegate.swift; sourceTree = "<group>"; };
		4231CEB8249389FF00864439 /* EmojiMemoryGameView.swift */ = {isa = PBXFileReference; lastKnownFileType = sourcecode.swift; path = EmojiMemoryGameView.swift; sourceTree = "<group>"; };
		4231CEBA24938A0400864439 /* Assets.xcassets */ = {isa = PBXFileReference; lastKnownFileType = folder.assetcatalog; path = Assets.xcassets; sourceTree = "<group>"; };
		4231CEBD24938A0400864439 /* Preview Assets.xcassets */ = {isa = PBXFileReference; lastKnownFileType = folder.assetcatalog; path = "Preview Assets.xcassets"; sourceTree = "<group>"; };
		4231CEC024938A0400864439 /* Base */ = {isa = PBXFileReference; lastKnownFileType = file.storyboard; name = Base; path = Base.lproj/LaunchScreen.storyboard; sourceTree = "<group>"; };
		4231CEC224938A0400864439 /* Info.plist */ = {isa = PBXFileReference; lastKnownFileType = text.plist.xml; path = Info.plist; sourceTree = "<group>"; };
		4231CEC724938A0400864439 /* MemorizeTests.xctest */ = {isa = PBXFileReference; explicitFileType = wrapper.cfbundle; includeInIndex = 0; path = MemorizeTests.xctest; sourceTree = BUILT_PRODUCTS_DIR; };
		4231CECB24938A0400864439 /* MemorizeTests.swift */ = {isa = PBXFileReference; lastKnownFileType = sourcecode.swift; path = MemorizeTests.swift; sourceTree = "<group>"; };
		4231CECD24938A0400864439 /* Info.plist */ = {isa = PBXFileReference; lastKnownFileType = text.plist.xml; path = Info.plist; sourceTree = "<group>"; };
		4231CED224938A0400864439 /* MemorizeUITests.xctest */ = {isa = PBXFileReference; explicitFileType = wrapper.cfbundle; includeInIndex = 0; path = MemorizeUITests.xctest; sourceTree = BUILT_PRODUCTS_DIR; };
		4231CED624938A0400864439 /* MemorizeUITests.swift */ = {isa = PBXFileReference; lastKnownFileType = sourcecode.swift; path = MemorizeUITests.swift; sourceTree = "<group>"; };
		4231CED824938A0400864439 /* Info.plist */ = {isa = PBXFileReference; lastKnownFileType = text.plist.xml; path = Info.plist; sourceTree = "<group>"; };
		4231CEE424939EF700864439 /* MemoryGame.swift */ = {isa = PBXFileReference; lastKnownFileType = sourcecode.swift; path = MemoryGame.swift; sourceTree = "<group>"; };
		4231CEE62493A22300864439 /* EmojiMemoryGame.swift */ = {isa = PBXFileReference; lastKnownFileType = sourcecode.swift; path = EmojiMemoryGame.swift; sourceTree = "<group>"; };
/* End PBXFileReference section */

/* Begin PBXFrameworksBuildPhase section */
		4231CEAE249389FF00864439 /* Frameworks */ = {
			isa = PBXFrameworksBuildPhase;
			buildActionMask = 2147483647;
			files = (
			);
			runOnlyForDeploymentPostprocessing = 0;
		};
		4231CEC424938A0400864439 /* Frameworks */ = {
			isa = PBXFrameworksBuildPhase;
			buildActionMask = 2147483647;
			files = (
			);
			runOnlyForDeploymentPostprocessing = 0;
		};
		4231CECF24938A0400864439 /* Frameworks */ = {
			isa = PBXFrameworksBuildPhase;
			buildActionMask = 2147483647;
			files = (
			);
			runOnlyForDeploymentPostprocessing = 0;
		};
/* End PBXFrameworksBuildPhase section */

/* Begin PBXGroup section */
		4231CEA8249389FF00864439 = {
			isa = PBXGroup;
			children = (
				4231CEB3249389FF00864439 /* Memorize */,
				4231CECA24938A0400864439 /* MemorizeTests */,
				4231CED524938A0400864439 /* MemorizeUITests */,
				4231CEB2249389FF00864439 /* Products */,
			);
			sourceTree = "<group>";
		};
		4231CEB2249389FF00864439 /* Products */ = {
			isa = PBXGroup;
			children = (
				4231CEB1249389FF00864439 /* Memorize.app */,
				4231CEC724938A0400864439 /* MemorizeTests.xctest */,
				4231CED224938A0400864439 /* MemorizeUITests.xctest */,
			);
			name = Products;
			sourceTree = "<group>";
		};
		4231CEB3249389FF00864439 /* Memorize */ = {
			isa = PBXGroup;
			children = (
				4231CEB4249389FF00864439 /* AppDelegate.swift */,
				4231CEB6249389FF00864439 /* SceneDelegate.swift */,
				4231CEB8249389FF00864439 /* EmojiMemoryGameView.swift */,
				4231CEE62493A22300864439 /* EmojiMemoryGame.swift */,
				4231CEE424939EF700864439 /* MemoryGame.swift */,
				4231CEBA24938A0400864439 /* Assets.xcassets */,
				4231CEBF24938A0400864439 /* LaunchScreen.storyboard */,
				4231CEC224938A0400864439 /* Info.plist */,
				4231CEBC24938A0400864439 /* Preview Content */,
			);
			path = Memorize;
			sourceTree = "<group>";
		};
		4231CEBC24938A0400864439 /* Preview Content */ = {
			isa = PBXGroup;
			children = (
				4231CEBD24938A0400864439 /* Preview Assets.xcassets */,
			);
			path = "Preview Content";
			sourceTree = "<group>";
		};
		4231CECA24938A0400864439 /* MemorizeTests */ = {
			isa = PBXGroup;
			children = (
				4231CECB24938A0400864439 /* MemorizeTests.swift */,
				4231CECD24938A0400864439 /* Info.plist */,
			);
			path = MemorizeTests;
			sourceTree = "<group>";
		};
		4231CED524938A0400864439 /* MemorizeUITests */ = {
			isa = PBXGroup;
			children = (
				4231CED624938A0400864439 /* MemorizeUITests.swift */,
				4231CED824938A0400864439 /* Info.plist */,
			);
			path = MemorizeUITests;
			sourceTree = "<group>";
		};
/* End PBXGroup section */

/* Begin PBXNativeTarget section */
		4231CEB0249389FF00864439 /* Memorize */ = {
			isa = PBXNativeTarget;
			buildConfigurationList = 4231CEDB24938A0400864439 /* Build configuration list for PBXNativeTarget "Memorize" */;
			buildPhases = (
				4231CEAD249389FF00864439 /* Sources */,
				4231CEAE249389FF00864439 /* Frameworks */,
				4231CEAF249389FF00864439 /* Resources */,
			);
			buildRules = (
			);
			dependencies = (
			);
			name = Memorize;
			productName = Memorize;
			productReference = 4231CEB1249389FF00864439 /* Memorize.app */;
			productType = "com.apple.product-type.application";
		};
		4231CEC624938A0400864439 /* MemorizeTests */ = {
			isa = PBXNativeTarget;
			buildConfigurationList = 4231CEDE24938A0400864439 /* Build configuration list for PBXNativeTarget "MemorizeTests" */;
			buildPhases = (
				4231CEC324938A0400864439 /* Sources */,
				4231CEC424938A0400864439 /* Frameworks */,
				4231CEC524938A0400864439 /* Resources */,
			);
			buildRules = (
			);
			dependencies = (
				4231CEC924938A0400864439 /* PBXTargetDependency */,
			);
			name = MemorizeTests;
			productName = MemorizeTests;
			productReference = 4231CEC724938A0400864439 /* MemorizeTests.xctest */;
			productType = "com.apple.product-type.bundle.unit-test";
		};
		4231CED124938A0400864439 /* MemorizeUITests */ = {
			isa = PBXNativeTarget;
			buildConfigurationList = 4231CEE124938A0400864439 /* Build configuration list for PBXNativeTarget "MemorizeUITests" */;
			buildPhases = (
				4231CECE24938A0400864439 /* Sources */,
				4231CECF24938A0400864439 /* Frameworks */,
				4231CED024938A0400864439 /* Resources */,
			);
			buildRules = (
			);
			dependencies = (
				4231CED424938A0400864439 /* PBXTargetDependency */,
			);
			name = MemorizeUITests;
			productName = MemorizeUITests;
			productReference = 4231CED224938A0400864439 /* MemorizeUITests.xctest */;
			productType = "com.apple.product-type.bundle.ui-testing";
		};
/* End PBXNativeTarget section */

/* Begin PBXProject section */
		4231CEA9249389FF00864439 /* Project object */ = {
			isa = PBXProject;
			attributes = {
				LastSwiftUpdateCheck = 1150;
				LastUpgradeCheck = 1150;
				ORGANIZATIONNAME = "Dan Katri";
				TargetAttributes = {
					4231CEB0249389FF00864439 = {
						CreatedOnToolsVersion = 11.5;
					};
					4231CEC624938A0400864439 = {
						CreatedOnToolsVersion = 11.5;
						TestTargetID = 4231CEB0249389FF00864439;
					};
					4231CED124938A0400864439 = {
						CreatedOnToolsVersion = 11.5;
						TestTargetID = 4231CEB0249389FF00864439;
					};
				};
			};
			buildConfigurationList = 4231CEAC249389FF00864439 /* Build configuration list for PBXProject "Memorize" */;
			compatibilityVersion = "Xcode 9.3";
			developmentRegion = en;
			hasScannedForEncodings = 0;
			knownRegions = (
				en,
				Base,
			);
			mainGroup = 4231CEA8249389FF00864439;
			productRefGroup = 4231CEB2249389FF00864439 /* Products */;
			projectDirPath = "";
			projectRoot = "";
			targets = (
				4231CEB0249389FF00864439 /* Memorize */,
				4231CEC624938A0400864439 /* MemorizeTests */,
				4231CED124938A0400864439 /* MemorizeUITests */,
			);
		};
/* End PBXProject section */

/* Begin PBXResourcesBuildPhase section */
		4231CEAF249389FF00864439 /* Resources */ = {
			isa = PBXResourcesBuildPhase;
			buildActionMask = 2147483647;
			files = (
				4231CEC124938A0400864439 /* LaunchScreen.storyboard in Resources */,
				4231CEBE24938A0400864439 /* Preview Assets.xcassets in Resources */,
				4231CEBB24938A0400864439 /* Assets.xcassets in Resources */,
			);
			runOnlyForDeploymentPostprocessing = 0;
		};
		4231CEC524938A0400864439 /* Resources */ = {
			isa = PBXResourcesBuildPhase;
			buildActionMask = 2147483647;
			files = (
			);
			runOnlyForDeploymentPostprocessing = 0;
		};
		4231CED024938A0400864439 /* Resources */ = {
			isa = PBXResourcesBuildPhase;
			buildActionMask = 2147483647;
			files = (
			);
			runOnlyForDeploymentPostprocessing = 0;
		};
/* End PBXResourcesBuildPhase section */

/* Begin PBXSourcesBuildPhase section */
		4231CEAD249389FF00864439 /* Sources */ = {
			isa = PBXSourcesBuildPhase;
			buildActionMask = 2147483647;
			files = (
				4231CEB5249389FF00864439 /* AppDelegate.swift in Sources */,
				4231CEB7249389FF00864439 /* SceneDelegate.swift in Sources */,
				4231CEE524939EF700864439 /* MemoryGame.swift in Sources */,
				4231CEB9249389FF00864439 /* EmojiMemoryGameView.swift in Sources */,
				4231CEE72493A22300864439 /* EmojiMemoryGame.swift in Sources */,
			);
			runOnlyForDeploymentPostprocessing = 0;
		};
		4231CEC324938A0400864439 /* Sources */ = {
			isa = PBXSourcesBuildPhase;
			buildActionMask = 2147483647;
			files = (
				4231CECC24938A0400864439 /* MemorizeTests.swift in Sources */,
			);
			runOnlyForDeploymentPostprocessing = 0;
		};
		4231CECE24938A0400864439 /* Sources */ = {
			isa = PBXSourcesBuildPhase;
			buildActionMask = 2147483647;
			files = (
				4231CED724938A0400864439 /* MemorizeUITests.swift in Sources */,
			);
			runOnlyForDeploymentPostprocessing = 0;
		};
/* End PBXSourcesBuildPhase section */

/* Begin PBXTargetDependency section */
		4231CEC924938A0400864439 /* PBXTargetDependency */ = {
			isa = PBXTargetDependency;
			target = 4231CEB0249389FF00864439 /* Memorize */;
			targetProxy = 4231CEC824938A0400864439 /* PBXContainerItemProxy */;
		};
		4231CED424938A0400864439 /* PBXTargetDependency */ = {
			isa = PBXTargetDependency;
			target = 4231CEB0249389FF00864439 /* Memorize */;
			targetProxy = 4231CED324938A0400864439 /* PBXContainerItemProxy */;
		};
/* End PBXTargetDependency section */

/* Begin PBXVariantGroup section */
		4231CEBF24938A0400864439 /* LaunchScreen.storyboard */ = {
			isa = PBXVariantGroup;
			children = (
				4231CEC024938A0400864439 /* Base */,
			);
			name = LaunchScreen.storyboard;
			sourceTree = "<group>";
		};
/* End PBXVariantGroup section */

/* Begin XCBuildConfiguration section */
		4231CED924938A0400864439 /* Debug */ = {
			isa = XCBuildConfiguration;
			buildSettings = {
				ALWAYS_SEARCH_USER_PATHS = NO;
				CLANG_ANALYZER_NONNULL = YES;
				CLANG_ANALYZER_NUMBER_OBJECT_CONVERSION = YES_AGGRESSIVE;
				CLANG_CXX_LANGUAGE_STANDARD = "gnu++14";
				CLANG_CXX_LIBRARY = "libc++";
				CLANG_ENABLE_MODULES = YES;
				CLANG_ENABLE_OBJC_ARC = YES;
				CLANG_ENABLE_OBJC_WEAK = YES;
				CLANG_WARN_BLOCK_CAPTURE_AUTORELEASING = YES;
				CLANG_WARN_BOOL_CONVERSION = YES;
				CLANG_WARN_COMMA = YES;
				CLANG_WARN_CONSTANT_CONVERSION = YES;
				CLANG_WARN_DEPRECATED_OBJC_IMPLEMENTATIONS = YES;
				CLANG_WARN_DIRECT_OBJC_ISA_USAGE = YES_ERROR;
				CLANG_WARN_DOCUMENTATION_COMMENTS = YES;
				CLANG_WARN_EMPTY_BODY = YES;
				CLANG_WARN_ENUM_CONVERSION = YES;
				CLANG_WARN_INFINITE_RECURSION = YES;
				CLANG_WARN_INT_CONVERSION = YES;
				CLANG_WARN_NON_LITERAL_NULL_CONVERSION = YES;
				CLANG_WARN_OBJC_IMPLICIT_RETAIN_SELF = YES;
				CLANG_WARN_OBJC_LITERAL_CONVERSION = YES;
				CLANG_WARN_OBJC_ROOT_CLASS = YES_ERROR;
				CLANG_WARN_RANGE_LOOP_ANALYSIS = YES;
				CLANG_WARN_STRICT_PROTOTYPES = YES;
				CLANG_WARN_SUSPICIOUS_MOVE = YES;
				CLANG_WARN_UNGUARDED_AVAILABILITY = YES_AGGRESSIVE;
				CLANG_WARN_UNREACHABLE_CODE = YES;
				CLANG_WARN__DUPLICATE_METHOD_MATCH = YES;
				COPY_PHASE_STRIP = NO;
				DEBUG_INFORMATION_FORMAT = dwarf;
				ENABLE_STRICT_OBJC_MSGSEND = YES;
				ENABLE_TESTABILITY = YES;
				GCC_C_LANGUAGE_STANDARD = gnu11;
				GCC_DYNAMIC_NO_PIC = NO;
				GCC_NO_COMMON_BLOCKS = YES;
				GCC_OPTIMIZATION_LEVEL = 0;
				GCC_PREPROCESSOR_DEFINITIONS = (
					"DEBUG=1",
					"$(inherited)",
				);
				GCC_WARN_64_TO_32_BIT_CONVERSION = YES;
				GCC_WARN_ABOUT_RETURN_TYPE = YES_ERROR;
				GCC_WARN_UNDECLARED_SELECTOR = YES;
				GCC_WARN_UNINITIALIZED_AUTOS = YES_AGGRESSIVE;
				GCC_WARN_UNUSED_FUNCTION = YES;
				GCC_WARN_UNUSED_VARIABLE = YES;
				IPHONEOS_DEPLOYMENT_TARGET = 13.5;
				MTL_ENABLE_DEBUG_INFO = INCLUDE_SOURCE;
				MTL_FAST_MATH = YES;
				ONLY_ACTIVE_ARCH = YES;
				SDKROOT = iphoneos;
				SWIFT_ACTIVE_COMPILATION_CONDITIONS = DEBUG;
				SWIFT_OPTIMIZATION_LEVEL = "-Onone";
			};
			name = Debug;
		};
		4231CEDA24938A0400864439 /* Release */ = {
			isa = XCBuildConfiguration;
			buildSettings = {
				ALWAYS_SEARCH_USER_PATHS = NO;
				CLANG_ANALYZER_NONNULL = YES;
				CLANG_ANALYZER_NUMBER_OBJECT_CONVERSION = YES_AGGRESSIVE;
				CLANG_CXX_LANGUAGE_STANDARD = "gnu++14";
				CLANG_CXX_LIBRARY = "libc++";
				CLANG_ENABLE_MODULES = YES;
				CLANG_ENABLE_OBJC_ARC = YES;
				CLANG_ENABLE_OBJC_WEAK = YES;
				CLANG_WARN_BLOCK_CAPTURE_AUTORELEASING = YES;
				CLANG_WARN_BOOL_CONVERSION = YES;
				CLANG_WARN_COMMA = YES;
				CLANG_WARN_CONSTANT_CONVERSION = YES;
				CLANG_WARN_DEPRECATED_OBJC_IMPLEMENTATIONS = YES;
				CLANG_WARN_DIRECT_OBJC_ISA_USAGE = YES_ERROR;
				CLANG_WARN_DOCUMENTATION_COMMENTS = YES;
				CLANG_WARN_EMPTY_BODY = YES;
				CLANG_WARN_ENUM_CONVERSION = YES;
				CLANG_WARN_INFINITE_RECURSION = YES;
				CLANG_WARN_INT_CONVERSION = YES;
				CLANG_WARN_NON_LITERAL_NULL_CONVERSION = YES;
				CLANG_WARN_OBJC_IMPLICIT_RETAIN_SELF = YES;
				CLANG_WARN_OBJC_LITERAL_CONVERSION = YES;
				CLANG_WARN_OBJC_ROOT_CLASS = YES_ERROR;
				CLANG_WARN_RANGE_LOOP_ANALYSIS = YES;
				CLANG_WARN_STRICT_PROTOTYPES = YES;
				CLANG_WARN_SUSPICIOUS_MOVE = YES;
				CLANG_WARN_UNGUARDED_AVAILABILITY = YES_AGGRESSIVE;
				CLANG_WARN_UNREACHABLE_CODE = YES;
				CLANG_WARN__DUPLICATE_METHOD_MATCH = YES;
				COPY_PHASE_STRIP = NO;
				DEBUG_INFORMATION_FORMAT = "dwarf-with-dsym";
				ENABLE_NS_ASSERTIONS = NO;
				ENABLE_STRICT_OBJC_MSGSEND = YES;
				GCC_C_LANGUAGE_STANDARD = gnu11;
				GCC_NO_COMMON_BLOCKS = YES;
				GCC_WARN_64_TO_32_BIT_CONVERSION = YES;
				GCC_WARN_ABOUT_RETURN_TYPE = YES_ERROR;
				GCC_WARN_UNDECLARED_SELECTOR = YES;
				GCC_WARN_UNINITIALIZED_AUTOS = YES_AGGRESSIVE;
				GCC_WARN_UNUSED_FUNCTION = YES;
				GCC_WARN_UNUSED_VARIABLE = YES;
				IPHONEOS_DEPLOYMENT_TARGET = 13.5;
				MTL_ENABLE_DEBUG_INFO = NO;
				MTL_FAST_MATH = YES;
				SDKROOT = iphoneos;
				SWIFT_COMPILATION_MODE = wholemodule;
				SWIFT_OPTIMIZATION_LEVEL = "-O";
				VALIDATE_PRODUCT = YES;
			};
			name = Release;
		};
		4231CEDC24938A0400864439 /* Debug */ = {
			isa = XCBuildConfiguration;
			buildSettings = {
				ASSETCATALOG_COMPILER_APPICON_NAME = AppIcon;
				CODE_SIGN_STYLE = Automatic;
				DEVELOPMENT_ASSET_PATHS = "\"Memorize/Preview Content\"";
				DEVELOPMENT_TEAM = 6S7E79SLXK;
				ENABLE_PREVIEWS = YES;
				INFOPLIST_FILE = Memorize/Info.plist;
				LD_RUNPATH_SEARCH_PATHS = (
					"$(inherited)",
					"@executable_path/Frameworks",
				);
				PRODUCT_BUNDLE_IDENTIFIER = com.dkatz.Memorize;
				PRODUCT_NAME = "$(TARGET_NAME)";
				SWIFT_VERSION = 5.0;
				TARGETED_DEVICE_FAMILY = "1,2";
			};
			name = Debug;
		};
		4231CEDD24938A0400864439 /* Release */ = {
			isa = XCBuildConfiguration;
			buildSettings = {
				ASSETCATALOG_COMPILER_APPICON_NAME = AppIcon;
				CODE_SIGN_STYLE = Automatic;
				DEVELOPMENT_ASSET_PATHS = "\"Memorize/Preview Content\"";
				DEVELOPMENT_TEAM = 6S7E79SLXK;
				ENABLE_PREVIEWS = YES;
				INFOPLIST_FILE = Memorize/Info.plist;
				LD_RUNPATH_SEARCH_PATHS = (
					"$(inherited)",
					"@executable_path/Frameworks",
				);
				PRODUCT_BUNDLE_IDENTIFIER = com.dkatz.Memorize;
				PRODUCT_NAME = "$(TARGET_NAME)";
				SWIFT_VERSION = 5.0;
				TARGETED_DEVICE_FAMILY = "1,2";
			};
			name = Release;
		};
		4231CEDF24938A0400864439 /* Debug */ = {
			isa = XCBuildConfiguration;
			buildSettings = {
				ALWAYS_EMBED_SWIFT_STANDARD_LIBRARIES = YES;
				BUNDLE_LOADER = "$(TEST_HOST)";
				CODE_SIGN_STYLE = Automatic;
				DEVELOPMENT_TEAM = 6S7E79SLXK;
				INFOPLIST_FILE = MemorizeTests/Info.plist;
				IPHONEOS_DEPLOYMENT_TARGET = 13.5;
				LD_RUNPATH_SEARCH_PATHS = (
					"$(inherited)",
					"@executable_path/Frameworks",
					"@loader_path/Frameworks",
				);
				PRODUCT_BUNDLE_IDENTIFIER = com.dkatz.MemorizeTests;
				PRODUCT_NAME = "$(TARGET_NAME)";
				SWIFT_VERSION = 5.0;
				TARGETED_DEVICE_FAMILY = "1,2";
				TEST_HOST = "$(BUILT_PRODUCTS_DIR)/Memorize.app/Memorize";
			};
			name = Debug;
		};
		4231CEE024938A0400864439 /* Release */ = {
			isa = XCBuildConfiguration;
			buildSettings = {
				ALWAYS_EMBED_SWIFT_STANDARD_LIBRARIES = YES;
				BUNDLE_LOADER = "$(TEST_HOST)";
				CODE_SIGN_STYLE = Automatic;
				DEVELOPMENT_TEAM = 6S7E79SLXK;
				INFOPLIST_FILE = MemorizeTests/Info.plist;
				IPHONEOS_DEPLOYMENT_TARGET = 13.5;
				LD_RUNPATH_SEARCH_PATHS = (
					"$(inherited)",
					"@executable_path/Frameworks",
					"@loader_path/Frameworks",
				);
				PRODUCT_BUNDLE_IDENTIFIER = com.dkatz.MemorizeTests;
				PRODUCT_NAME = "$(TARGET_NAME)";
				SWIFT_VERSION = 5.0;
				TARGETED_DEVICE_FAMILY = "1,2";
				TEST_HOST = "$(BUILT_PRODUCTS_DIR)/Memorize.app/Memorize";
			};
			name = Release;
		};
		4231CEE224938A0400864439 /* Debug */ = {
			isa = XCBuildConfiguration;
			buildSettings = {
				ALWAYS_EMBED_SWIFT_STANDARD_LIBRARIES = YES;
				CODE_SIGN_STYLE = Automatic;
				DEVELOPMENT_TEAM = 6S7E79SLXK;
				INFOPLIST_FILE = MemorizeUITests/Info.plist;
				LD_RUNPATH_SEARCH_PATHS = (
					"$(inherited)",
					"@executable_path/Frameworks",
					"@loader_path/Frameworks",
				);
				PRODUCT_BUNDLE_IDENTIFIER = com.dkatz.MemorizeUITests;
				PRODUCT_NAME = "$(TARGET_NAME)";
				SWIFT_VERSION = 5.0;
				TARGETED_DEVICE_FAMILY = "1,2";
				TEST_TARGET_NAME = Memorize;
			};
			name = Debug;
		};
		4231CEE324938A0400864439 /* Release */ = {
			isa = XCBuildConfiguration;
			buildSettings = {
				ALWAYS_EMBED_SWIFT_STANDARD_LIBRARIES = YES;
				CODE_SIGN_STYLE = Automatic;
				DEVELOPMENT_TEAM = 6S7E79SLXK;
				INFOPLIST_FILE = MemorizeUITests/Info.plist;
				LD_RUNPATH_SEARCH_PATHS = (
					"$(inherited)",
					"@executable_path/Frameworks",
					"@loader_path/Frameworks",
				);
				PRODUCT_BUNDLE_IDENTIFIER = com.dkatz.MemorizeUITests;
				PRODUCT_NAME = "$(TARGET_NAME)";
				SWIFT_VERSION = 5.0;
				TARGETED_DEVICE_FAMILY = "1,2";
				TEST_TARGET_NAME = Memorize;
			};
			name = Release;
		};
/* End XCBuildConfiguration section */

/* Begin XCConfigurationList section */
		4231CEAC249389FF00864439 /* Build configuration list for PBXProject "Memorize" */ = {
			isa = XCConfigurationList;
			buildConfigurations = (
				4231CED924938A0400864439 /* Debug */,
				4231CEDA24938A0400864439 /* Release */,
			);
			defaultConfigurationIsVisible = 0;
			defaultConfigurationName = Release;
		};
		4231CEDB24938A0400864439 /* Build configuration list for PBXNativeTarget "Memorize" */ = {
			isa = XCConfigurationList;
			buildConfigurations = (
				4231CEDC24938A0400864439 /* Debug */,
				4231CEDD24938A0400864439 /* Release */,
			);
			defaultConfigurationIsVisible = 0;
			defaultConfigurationName = Release;
		};
		4231CEDE24938A0400864439 /* Build configuration list for PBXNativeTarget "MemorizeTests" */ = {
			isa = XCConfigurationList;
			buildConfigurations = (
				4231CEDF24938A0400864439 /* Debug */,
				4231CEE024938A0400864439 /* Release */,
			);
			defaultConfigurationIsVisible = 0;
			defaultConfigurationName = Release;
		};
		4231CEE124938A0400864439 /* Build configuration list for PBXNativeTarget "MemorizeUITests" */ = {
			isa = XCConfigurationList;
			buildConfigurations = (
				4231CEE224938A0400864439 /* Debug */,
				4231CEE324938A0400864439 /* Release */,
			);
			defaultConfigurationIsVisible = 0;
			defaultConfigurationName = Release;
		};
/* End XCConfigurationList section */
	};
	rootObject = 4231CEA9249389FF00864439 /* Project object */;
}
